
Microsoft Visual Studio Solution File, Format Version 12.00
# Visual Studio Version 17
VisualStudioVersion = 17.2.32616.157
MinimumVisualStudioVersion = 10.0.40219.1
Project("{9A19103F-16F7-4668-BE54-9A1E7A4F7556}") = "ClockMqtt", "ClockMqtt.csproj", "{D37451C0-C89B-4807-8CB8-D219D712816D}"
EndProject
Global
	GlobalSection(SolutionConfigurationPlatforms) = preSolution
		Debug|Any CPU = Debug|Any CPU
		Release|Any CPU = Release|Any CPU
	EndGlobalSection
	GlobalSection(ProjectConfigurationPlatforms) = postSolution
		{D37451C0-C89B-4807-8CB8-D219D712816D}.Debug|Any CPU.ActiveCfg = Debug|Any CPU
		{D37451C0-C89B-4807-8CB8-D219D712816D}.Debug|Any CPU.Build.0 = Debug|Any CPU
		{D37451C0-C89B-4807-8CB8-D219D712816D}.Release|Any CPU.ActiveCfg = Release|Any CPU
		{D37451C0-C89B-4807-8CB8-D219D712816D}.Release|Any CPU.Build.0 = Release|Any CPU
	EndGlobalSection
	GlobalSection(SolutionProperties) = preSolution
		HideSolutionNode = FALSE
	EndGlobalSection
	GlobalSection(ExtensibilityGlobals) = postSolution
		SolutionGuid = {BE1F8B59-5648-4C7B-9844-164B11523D76}
	EndGlobalSection
EndGlobal
