
Microsoft Visual Studio Solution File, Format Version 12.00
# Visual Studio Version 17
VisualStudioVersion = 17.2.32616.157
MinimumVisualStudioVersion = 10.0.40219.1
Project("{9A19103F-16F7-4668-BE54-9A1E7A4F7556}") = "Common", "Common.csproj", "{0F486385-599D-40DA-AA6B-0CBCCC115958}"
EndProject
Global
	GlobalSection(SolutionConfigurationPlatforms) = preSolution
		Debug|Any CPU = Debug|Any CPU
		Release|Any CPU = Release|Any CPU
	EndGlobalSection
	GlobalSection(ProjectConfigurationPlatforms) = postSolution
		{0F486385-599D-40DA-AA6B-0CBCCC115958}.Debug|Any CPU.ActiveCfg = Debug|Any CPU
		{0F486385-599D-40DA-AA6B-0CBCCC115958}.Debug|Any CPU.Build.0 = Debug|Any CPU
		{0F486385-599D-40DA-AA6B-0CBCCC115958}.Release|Any CPU.ActiveCfg = Release|Any CPU
		{0F486385-599D-40DA-AA6B-0CBCCC115958}.Release|Any CPU.Build.0 = Release|Any CPU
	EndGlobalSection
	GlobalSection(SolutionProperties) = preSolution
		HideSolutionNode = FALSE
	EndGlobalSection
	GlobalSection(ExtensibilityGlobals) = postSolution
		SolutionGuid = {C4F703E1-2A7D-4CF3-8C29-29690015494F}
	EndGlobalSection
EndGlobal
